// !$*UTF8*$!
{
	archiveVersion = 1;
	classes = {
	};
	objectVersion = 50;
	objects = {

/* Begin PBXBuildFile section */
		00B0167C20C13A4A0073210B /* AppDelegate.m in Sources */ = {isa = PBXBuildFile; fileRef = 00B0167B20C13A4A0073210B /* AppDelegate.m */; };
		00B0167F20C13A4A0073210B /* ViewController.m in Sources */ = {isa = PBXBuildFile; fileRef = 00B0167E20C13A4A0073210B /* ViewController.m */; };
		00B0168220C13A4B0073210B /* Main.storyboard in Resources */ = {isa = PBXBuildFile; fileRef = 00B0168020C13A4B0073210B /* Main.storyboard */; };
		00B0168420C13A520073210B /* Assets.xcassets in Resources */ = {isa = PBXBuildFile; fileRef = 00B0168320C13A520073210B /* Assets.xcassets */; };
		00B0168720C13A520073210B /* LaunchScreen.storyboard in Resources */ = {isa = PBXBuildFile; fileRef = 00B0168520C13A520073210B /* LaunchScreen.storyboard */; };
		00B0168A20C13A520073210B /* main.m in Sources */ = {isa = PBXBuildFile; fileRef = 00B0168920C13A520073210B /* main.m */; };
		00B0169420C13A520073210B /* ____ipTests.m in Sources */ = {isa = PBXBuildFile; fileRef = 00B0169320C13A520073210B /* ____ipTests.m */; };
		00B0169F20C13A520073210B /* ____ipUITests.m in Sources */ = {isa = PBXBuildFile; fileRef = 00B0169E20C13A520073210B /* ____ipUITests.m */; };
		00B016AE20C140B90073210B /* NSObject+GetIP.m in Sources */ = {isa = PBXBuildFile; fileRef = 00B016AD20C140B90073210B /* NSObject+GetIP.m */; };
/* End PBXBuildFile section */

/* Begin PBXContainerItemProxy section */
		00B0169020C13A520073210B /* PBXContainerItemProxy */ = {
			isa = PBXContainerItemProxy;
			containerPortal = 00B0166F20C13A4A0073210B /* Project object */;
			proxyType = 1;
			remoteGlobalIDString = 00B0167620C13A4A0073210B;
			remoteInfo = "扫描当前ip";
		};
		00B0169B20C13A520073210B /* PBXContainerItemProxy */ = {
			isa = PBXContainerItemProxy;
			containerPortal = 00B0166F20C13A4A0073210B /* Project object */;
			proxyType = 1;
			remoteGlobalIDString = 00B0167620C13A4A0073210B;
			remoteInfo = "扫描当前ip";
		};
/* End PBXContainerItemProxy section */

/* Begin PBXFileReference section */
		00B0167720C13A4A0073210B /* 扫描当前ip.app */ = {isa = PBXFileReference; explicitFileType = wrapper.application; includeInIndex = 0; path = "扫描当前ip.app"; sourceTree = BUILT_PRODUCTS_DIR; };
		00B0167A20C13A4A0073210B /* AppDelegate.h */ = {isa = PBXFileReference; lastKnownFileType = sourcecode.c.h; path = AppDelegate.h; sourceTree = "<group>"; };
		00B0167B20C13A4A0073210B /* AppDelegate.m */ = {isa = PBXFileReference; lastKnownFileType = sourcecode.c.objc; path = AppDelegate.m; sourceTree = "<group>"; };
		00B0167D20C13A4A0073210B /* ViewController.h */ = {isa = PBXFileReference; lastKnownFileType = sourcecode.c.h; path = ViewController.h; sourceTree = "<group>"; };
		00B0167E20C13A4A0073210B /* ViewController.m */ = {isa = PBXFileReference; lastKnownFileType = sourcecode.c.objc; path = ViewController.m; sourceTree = "<group>"; };
		00B0168120C13A4B0073210B /* Base */ = {isa = PBXFileReference; lastKnownFileType = file.storyboard; name = Base; path = Base.lproj/Main.storyboard; sourceTree = "<group>"; };
		00B0168320C13A520073210B /* Assets.xcassets */ = {isa = PBXFileReference; lastKnownFileType = folder.assetcatalog; path = Assets.xcassets; sourceTree = "<group>"; };
		00B0168620C13A520073210B /* Base */ = {isa = PBXFileReference; lastKnownFileType = file.storyboard; name = Base; path = Base.lproj/LaunchScreen.storyboard; sourceTree = "<group>"; };
		00B0168820C13A520073210B /* Info.plist */ = {isa = PBXFileReference; lastKnownFileType = text.plist.xml; path = Info.plist; sourceTree = "<group>"; };
		00B0168920C13A520073210B /* main.m */ = {isa = PBXFileReference; lastKnownFileType = sourcecode.c.objc; path = main.m; sourceTree = "<group>"; };
		00B0168F20C13A520073210B /* 扫描当前ipTests.xctest */ = {isa = PBXFileReference; explicitFileType = wrapper.cfbundle; includeInIndex = 0; path = "扫描当前ipTests.xctest"; sourceTree = BUILT_PRODUCTS_DIR; };
		00B0169320C13A520073210B /* ____ipTests.m */ = {isa = PBXFileReference; lastKnownFileType = sourcecode.c.objc; path = "____ipTests.m"; sourceTree = "<group>"; };
		00B0169520C13A520073210B /* Info.plist */ = {isa = PBXFileReference; lastKnownFileType = text.plist.xml; path = Info.plist; sourceTree = "<group>"; };
		00B0169A20C13A520073210B /* 扫描当前ipUITests.xctest */ = {isa = PBXFileReference; explicitFileType = wrapper.cfbundle; includeInIndex = 0; path = "扫描当前ipUITests.xctest"; sourceTree = BUILT_PRODUCTS_DIR; };
		00B0169E20C13A520073210B /* ____ipUITests.m */ = {isa = PBXFileReference; lastKnownFileType = sourcecode.c.objc; path = "____ipUITests.m"; sourceTree = "<group>"; };
		00B016A020C13A520073210B /* Info.plist */ = {isa = PBXFileReference; lastKnownFileType = text.plist.xml; path = Info.plist; sourceTree = "<group>"; };
		00B016AC20C140B90073210B /* NSObject+GetIP.h */ = {isa = PBXFileReference; lastKnownFileType = sourcecode.c.h; path = "NSObject+GetIP.h"; sourceTree = "<group>"; };
		00B016AD20C140B90073210B /* NSObject+GetIP.m */ = {isa = PBXFileReference; lastKnownFileType = sourcecode.c.objc; path = "NSObject+GetIP.m"; sourceTree = "<group>"; };
/* End PBXFileReference section */

/* Begin PBXFrameworksBuildPhase section */
		00B0167420C13A4A0073210B /* Frameworks */ = {
			isa = PBXFrameworksBuildPhase;
			buildActionMask = 2147483647;
			files = (
			);
			runOnlyForDeploymentPostprocessing = 0;
		};
		00B0168C20C13A520073210B /* Frameworks */ = {
			isa = PBXFrameworksBuildPhase;
			buildActionMask = 2147483647;
			files = (
			);
			runOnlyForDeploymentPostprocessing = 0;
		};
		00B0169720C13A520073210B /* Frameworks */ = {
			isa = PBXFrameworksBuildPhase;
			buildActionMask = 2147483647;
			files = (
			);
			runOnlyForDeploymentPostprocessing = 0;
		};
/* End PBXFrameworksBuildPhase section */

/* Begin PBXGroup section */
		00B0166E20C13A4A0073210B = {
			isa = PBXGroup;
			children = (
				00B0167920C13A4A0073210B /* 扫描当前ip */,
				00B0169220C13A520073210B /* 扫描当前ipTests */,
				00B0169D20C13A520073210B /* 扫描当前ipUITests */,
				00B0167820C13A4A0073210B /* Products */,
			);
			sourceTree = "<group>";
		};
		00B0167820C13A4A0073210B /* Products */ = {
			isa = PBXGroup;
			children = (
				00B0167720C13A4A0073210B /* 扫描当前ip.app */,
				00B0168F20C13A520073210B /* 扫描当前ipTests.xctest */,
				00B0169A20C13A520073210B /* 扫描当前ipUITests.xctest */,
			);
			name = Products;
			sourceTree = "<group>";
		};
		00B0167920C13A4A0073210B /* 扫描当前ip */ = {
			isa = PBXGroup;
			children = (
				00B0167A20C13A4A0073210B /* AppDelegate.h */,
				00B0167B20C13A4A0073210B /* AppDelegate.m */,
				00B0167D20C13A4A0073210B /* ViewController.h */,
				00B0167E20C13A4A0073210B /* ViewController.m */,
				00B016AC20C140B90073210B /* NSObject+GetIP.h */,
				00B016AD20C140B90073210B /* NSObject+GetIP.m */,
				00B0168020C13A4B0073210B /* Main.storyboard */,
				00B0168320C13A520073210B /* Assets.xcassets */,
				00B0168520C13A520073210B /* LaunchScreen.storyboard */,
				00B0168820C13A520073210B /* Info.plist */,
				00B0168920C13A520073210B /* main.m */,
			);
			path = "扫描当前ip";
			sourceTree = "<group>";
		};
		00B0169220C13A520073210B /* 扫描当前ipTests */ = {
			isa = PBXGroup;
			children = (
				00B0169320C13A520073210B /* ____ipTests.m */,
				00B0169520C13A520073210B /* Info.plist */,
			);
			path = "扫描当前ipTests";
			sourceTree = "<group>";
		};
		00B0169D20C13A520073210B /* 扫描当前ipUITests */ = {
			isa = PBXGroup;
			children = (
				00B0169E20C13A520073210B /* ____ipUITests.m */,
				00B016A020C13A520073210B /* Info.plist */,
			);
			path = "扫描当前ipUITests";
			sourceTree = "<group>";
		};
/* End PBXGroup section */

/* Begin PBXNativeTarget section */
		00B0167620C13A4A0073210B /* 扫描当前ip */ = {
			isa = PBXNativeTarget;
			buildConfigurationList = 00B016A320C13A520073210B /* Build configuration list for PBXNativeTarget "扫描当前ip" */;
			buildPhases = (
				00B0167320C13A4A0073210B /* Sources */,
				00B0167420C13A4A0073210B /* Frameworks */,
				00B0167520C13A4A0073210B /* Resources */,
			);
			buildRules = (
			);
			dependencies = (
			);
			name = "扫描当前ip";
			productName = "扫描当前ip";
			productReference = 00B0167720C13A4A0073210B /* 扫描当前ip.app */;
			productType = "com.apple.product-type.application";
		};
		00B0168E20C13A520073210B /* 扫描当前ipTests */ = {
			isa = PBXNativeTarget;
			buildConfigurationList = 00B016A620C13A520073210B /* Build configuration list for PBXNativeTarget "扫描当前ipTests" */;
			buildPhases = (
				00B0168B20C13A520073210B /* Sources */,
				00B0168C20C13A520073210B /* Frameworks */,
				00B0168D20C13A520073210B /* Resources */,
			);
			buildRules = (
			);
			dependencies = (
				00B0169120C13A520073210B /* PBXTargetDependency */,
			);
			name = "扫描当前ipTests";
			productName = "扫描当前ipTests";
			productReference = 00B0168F20C13A520073210B /* 扫描当前ipTests.xctest */;
			productType = "com.apple.product-type.bundle.unit-test";
		};
		00B0169920C13A520073210B /* 扫描当前ipUITests */ = {
			isa = PBXNativeTarget;
			buildConfigurationList = 00B016A920C13A520073210B /* Build configuration list for PBXNativeTarget "扫描当前ipUITests" */;
			buildPhases = (
				00B0169620C13A520073210B /* Sources */,
				00B0169720C13A520073210B /* Frameworks */,
				00B0169820C13A520073210B /* Resources */,
			);
			buildRules = (
			);
			dependencies = (
				00B0169C20C13A520073210B /* PBXTargetDependency */,
			);
			name = "扫描当前ipUITests";
			productName = "扫描当前ipUITests";
			productReference = 00B0169A20C13A520073210B /* 扫描当前ipUITests.xctest */;
			productType = "com.apple.product-type.bundle.ui-testing";
		};
/* End PBXNativeTarget section */

/* Begin PBXProject section */
		00B0166F20C13A4A0073210B /* Project object */ = {
			isa = PBXProject;
			attributes = {
				LastUpgradeCheck = 0930;
				ORGANIZATIONNAME = weiliams;
				TargetAttributes = {
					00B0167620C13A4A0073210B = {
						CreatedOnToolsVersion = 9.3.1;
					};
					00B0168E20C13A520073210B = {
						CreatedOnToolsVersion = 9.3.1;
						TestTargetID = 00B0167620C13A4A0073210B;
					};
					00B0169920C13A520073210B = {
						CreatedOnToolsVersion = 9.3.1;
						TestTargetID = 00B0167620C13A4A0073210B;
					};
				};
			};
			buildConfigurationList = 00B0167220C13A4A0073210B /* Build configuration list for PBXProject "扫描当前ip" */;
			compatibilityVersion = "Xcode 9.3";
			developmentRegion = en;
			hasScannedForEncodings = 0;
			knownRegions = (
				en,
				Base,
			);
			mainGroup = 00B0166E20C13A4A0073210B;
			productRefGroup = 00B0167820C13A4A0073210B /* Products */;
			projectDirPath = "";
			projectRoot = "";
			targets = (
				00B0167620C13A4A0073210B /* 扫描当前ip */,
				00B0168E20C13A520073210B /* 扫描当前ipTests */,
				00B0169920C13A520073210B /* 扫描当前ipUITests */,
			);
		};
/* End PBXProject section */

/* Begin PBXResourcesBuildPhase section */
		00B0167520C13A4A0073210B /* Resources */ = {
			isa = PBXResourcesBuildPhase;
			buildActionMask = 2147483647;
			files = (
				00B0168720C13A520073210B /* LaunchScreen.storyboard in Resources */,
				00B0168420C13A520073210B /* Assets.xcassets in Resources */,
				00B0168220C13A4B0073210B /* Main.storyboard in Resources */,
			);
			runOnlyForDeploymentPostprocessing = 0;
		};
		00B0168D20C13A520073210B /* Resources */ = {
			isa = PBXResourcesBuildPhase;
			buildActionMask = 2147483647;
			files = (
			);
			runOnlyForDeploymentPostprocessing = 0;
		};
		00B0169820C13A520073210B /* Resources */ = {
			isa = PBXResourcesBuildPhase;
			buildActionMask = 2147483647;
			files = (
			);
			runOnlyForDeploymentPostprocessing = 0;
		};
/* End PBXResourcesBuildPhase section */

/* Begin PBXSourcesBuildPhase section */
		00B0167320C13A4A0073210B /* Sources */ = {
			isa = PBXSourcesBuildPhase;
			buildActionMask = 2147483647;
			files = (
				00B0167F20C13A4A0073210B /* ViewController.m in Sources */,
				00B0168A20C13A520073210B /* main.m in Sources */,
				00B0167C20C13A4A0073210B /* AppDelegate.m in Sources */,
				00B016AE20C140B90073210B /* NSObject+GetIP.m in Sources */,
			);
			runOnlyForDeploymentPostprocessing = 0;
		};
		00B0168B20C13A520073210B /* Sources */ = {
			isa = PBXSourcesBuildPhase;
			buildActionMask = 2147483647;
			files = (
				00B0169420C13A520073210B /* ____ipTests.m in Sources */,
			);
			runOnlyForDeploymentPostprocessing = 0;
		};
		00B0169620C13A520073210B /* Sources */ = {
			isa = PBXSourcesBuildPhase;
			buildActionMask = 2147483647;
			files = (
				00B0169F20C13A520073210B /* ____ipUITests.m in Sources */,
			);
			runOnlyForDeploymentPostprocessing = 0;
		};
/* End PBXSourcesBuildPhase section */

/* Begin PBXTargetDependency section */
		00B0169120C13A520073210B /* PBXTargetDependency */ = {
			isa = PBXTargetDependency;
			target = 00B0167620C13A4A0073210B /* 扫描当前ip */;
			targetProxy = 00B0169020C13A520073210B /* PBXContainerItemProxy */;
		};
		00B0169C20C13A520073210B /* PBXTargetDependency */ = {
			isa = PBXTargetDependency;
			target = 00B0167620C13A4A0073210B /* 扫描当前ip */;
			targetProxy = 00B0169B20C13A520073210B /* PBXContainerItemProxy */;
		};
/* End PBXTargetDependency section */

/* Begin PBXVariantGroup section */
		00B0168020C13A4B0073210B /* Main.storyboard */ = {
			isa = PBXVariantGroup;
			children = (
				00B0168120C13A4B0073210B /* Base */,
			);
			name = Main.storyboard;
			sourceTree = "<group>";
		};
		00B0168520C13A520073210B /* LaunchScreen.storyboard */ = {
			isa = PBXVariantGroup;
			children = (
				00B0168620C13A520073210B /* Base */,
			);
			name = LaunchScreen.storyboard;
			sourceTree = "<group>";
		};
/* End PBXVariantGroup section */

/* Begin XCBuildConfiguration section */
		00B016A120C13A520073210B /* Debug */ = {
			isa = XCBuildConfiguration;
			buildSettings = {
				ALWAYS_SEARCH_USER_PATHS = NO;
				CLANG_ANALYZER_NONNULL = YES;
				CLANG_ANALYZER_NUMBER_OBJECT_CONVERSION = YES_AGGRESSIVE;
				CLANG_CXX_LANGUAGE_STANDARD = "gnu++14";
				CLANG_CXX_LIBRARY = "libc++";
				CLANG_ENABLE_MODULES = YES;
				CLANG_ENABLE_OBJC_ARC = YES;
				CLANG_ENABLE_OBJC_WEAK = YES;
				CLANG_WARN_BLOCK_CAPTURE_AUTORELEASING = YES;
				CLANG_WARN_BOOL_CONVERSION = YES;
				CLANG_WARN_COMMA = YES;
				CLANG_WARN_CONSTANT_CONVERSION = YES;
				CLANG_WARN_DEPRECATED_OBJC_IMPLEMENTATIONS = YES;
				CLANG_WARN_DIRECT_OBJC_ISA_USAGE = YES_ERROR;
				CLANG_WARN_DOCUMENTATION_COMMENTS = YES;
				CLANG_WARN_EMPTY_BODY = YES;
				CLANG_WARN_ENUM_CONVERSION = YES;
				CLANG_WARN_INFINITE_RECURSION = YES;
				CLANG_WARN_INT_CONVERSION = YES;
				CLANG_WARN_NON_LITERAL_NULL_CONVERSION = YES;
				CLANG_WARN_OBJC_IMPLICIT_RETAIN_SELF = YES;
				CLANG_WARN_OBJC_LITERAL_CONVERSION = YES;
				CLANG_WARN_OBJC_ROOT_CLASS = YES_ERROR;
				CLANG_WARN_RANGE_LOOP_ANALYSIS = YES;
				CLANG_WARN_STRICT_PROTOTYPES = YES;
				CLANG_WARN_SUSPICIOUS_MOVE = YES;
				CLANG_WARN_UNGUARDED_AVAILABILITY = YES_AGGRESSIVE;
				CLANG_WARN_UNREACHABLE_CODE = YES;
				CLANG_WARN__DUPLICATE_METHOD_MATCH = YES;
				CODE_SIGN_IDENTITY = "iPhone Developer";
				COPY_PHASE_STRIP = NO;
				DEBUG_INFORMATION_FORMAT = dwarf;
				ENABLE_STRICT_OBJC_MSGSEND = YES;
				ENABLE_TESTABILITY = YES;
				GCC_C_LANGUAGE_STANDARD = gnu11;
				GCC_DYNAMIC_NO_PIC = NO;
				GCC_NO_COMMON_BLOCKS = YES;
				GCC_OPTIMIZATION_LEVEL = 0;
				GCC_PREPROCESSOR_DEFINITIONS = (
					"DEBUG=1",
					"$(inherited)",
				);
				GCC_WARN_64_TO_32_BIT_CONVERSION = YES;
				GCC_WARN_ABOUT_RETURN_TYPE = YES_ERROR;
				GCC_WARN_UNDECLARED_SELECTOR = YES;
				GCC_WARN_UNINITIALIZED_AUTOS = YES_AGGRESSIVE;
				GCC_WARN_UNUSED_FUNCTION = YES;
				GCC_WARN_UNUSED_VARIABLE = YES;
				IPHONEOS_DEPLOYMENT_TARGET = 11.3;
				MTL_ENABLE_DEBUG_INFO = YES;
				ONLY_ACTIVE_ARCH = YES;
				SDKROOT = iphoneos;
			};
			name = Debug;
		};
		00B016A220C13A520073210B /* Release */ = {
			isa = XCBuildConfiguration;
			buildSettings = {
				ALWAYS_SEARCH_USER_PATHS = NO;
				CLANG_ANALYZER_NONNULL = YES;
				CLANG_ANALYZER_NUMBER_OBJECT_CONVERSION = YES_AGGRESSIVE;
				CLANG_CXX_LANGUAGE_STANDARD = "gnu++14";
				CLANG_CXX_LIBRARY = "libc++";
				CLANG_ENABLE_MODULES = YES;
				CLANG_ENABLE_OBJC_ARC = YES;
				CLANG_ENABLE_OBJC_WEAK = YES;
				CLANG_WARN_BLOCK_CAPTURE_AUTORELEASING = YES;
				CLANG_WARN_BOOL_CONVERSION = YES;
				CLANG_WARN_COMMA = YES;
				CLANG_WARN_CONSTANT_CONVERSION = YES;
				CLANG_WARN_DEPRECATED_OBJC_IMPLEMENTATIONS = YES;
				CLANG_WARN_DIRECT_OBJC_ISA_USAGE = YES_ERROR;
				CLANG_WARN_DOCUMENTATION_COMMENTS = YES;
				CLANG_WARN_EMPTY_BODY = YES;
				CLANG_WARN_ENUM_CONVERSION = YES;
				CLANG_WARN_INFINITE_RECURSION = YES;
				CLANG_WARN_INT_CONVERSION = YES;
				CLANG_WARN_NON_LITERAL_NULL_CONVERSION = YES;
				CLANG_WARN_OBJC_IMPLICIT_RETAIN_SELF = YES;
				CLANG_WARN_OBJC_LITERAL_CONVERSION = YES;
				CLANG_WARN_OBJC_ROOT_CLASS = YES_ERROR;
				CLANG_WARN_RANGE_LOOP_ANALYSIS = YES;
				CLANG_WARN_STRICT_PROTOTYPES = YES;
				CLANG_WARN_SUSPICIOUS_MOVE = YES;
				CLANG_WARN_UNGUARDED_AVAILABILITY = YES_AGGRESSIVE;
				CLANG_WARN_UNREACHABLE_CODE = YES;
				CLANG_WARN__DUPLICATE_METHOD_MATCH = YES;
				CODE_SIGN_IDENTITY = "iPhone Developer";
				COPY_PHASE_STRIP = NO;
				DEBUG_INFORMATION_FORMAT = "dwarf-with-dsym";
				ENABLE_NS_ASSERTIONS = NO;
				ENABLE_STRICT_OBJC_MSGSEND = YES;
				GCC_C_LANGUAGE_STANDARD = gnu11;
				GCC_NO_COMMON_BLOCKS = YES;
				GCC_WARN_64_TO_32_BIT_CONVERSION = YES;
				GCC_WARN_ABOUT_RETURN_TYPE = YES_ERROR;
				GCC_WARN_UNDECLARED_SELECTOR = YES;
				GCC_WARN_UNINITIALIZED_AUTOS = YES_AGGRESSIVE;
				GCC_WARN_UNUSED_FUNCTION = YES;
				GCC_WARN_UNUSED_VARIABLE = YES;
				IPHONEOS_DEPLOYMENT_TARGET = 11.3;
				MTL_ENABLE_DEBUG_INFO = NO;
				SDKROOT = iphoneos;
				VALIDATE_PRODUCT = YES;
			};
			name = Release;
		};
		00B016A420C13A520073210B /* Debug */ = {
			isa = XCBuildConfiguration;
			buildSettings = {
				ASSETCATALOG_COMPILER_APPICON_NAME = AppIcon;
				CODE_SIGN_STYLE = Automatic;
				DEVELOPMENT_TEAM = 66AXJLWJ8A;
				INFOPLIST_FILE = "扫描当前ip/Info.plist";
				IPHONEOS_DEPLOYMENT_TARGET = 11.0;
				LD_RUNPATH_SEARCH_PATHS = (
					"$(inherited)",
					"@executable_path/Frameworks",
				);
				PRODUCT_BUNDLE_IDENTIFIER = "com.----ip";
				PRODUCT_NAME = "$(TARGET_NAME)";
				TARGETED_DEVICE_FAMILY = "1,2";
			};
			name = Debug;
		};
		00B016A520C13A520073210B /* Release */ = {
			isa = XCBuildConfiguration;
			buildSettings = {
				ASSETCATALOG_COMPILER_APPICON_NAME = AppIcon;
				CODE_SIGN_STYLE = Automatic;
				DEVELOPMENT_TEAM = 66AXJLWJ8A;
				INFOPLIST_FILE = "扫描当前ip/Info.plist";
				IPHONEOS_DEPLOYMENT_TARGET = 11.0;
				LD_RUNPATH_SEARCH_PATHS = (
					"$(inherited)",
					"@executable_path/Frameworks",
				);
				PRODUCT_BUNDLE_IDENTIFIER = "com.----ip";
				PRODUCT_NAME = "$(TARGET_NAME)";
				TARGETED_DEVICE_FAMILY = "1,2";
			};
			name = Release;
		};
		00B016A720C13A520073210B /* Debug */ = {
			isa = XCBuildConfiguration;
			buildSettings = {
				BUNDLE_LOADER = "$(TEST_HOST)";
				CODE_SIGN_STYLE = Automatic;
				DEVELOPMENT_TEAM = 66AXJLWJ8A;
				INFOPLIST_FILE = "扫描当前ipTests/Info.plist";
				LD_RUNPATH_SEARCH_PATHS = (
					"$(inherited)",
					"@executable_path/Frameworks",
					"@loader_path/Frameworks",
				);
				PRODUCT_BUNDLE_IDENTIFIER = "com.----ipTests";
				PRODUCT_NAME = "$(TARGET_NAME)";
				TARGETED_DEVICE_FAMILY = "1,2";
				TEST_HOST = "$(BUILT_PRODUCTS_DIR)/扫描当前ip.app/扫描当前ip";
			};
			name = Debug;
		};
		00B016A820C13A520073210B /* Release */ = {
			isa = XCBuildConfiguration;
			buildSettings = {
				BUNDLE_LOADER = "$(TEST_HOST)";
				CODE_SIGN_STYLE = Automatic;
				DEVELOPMENT_TEAM = 66AXJLWJ8A;
				INFOPLIST_FILE = "扫描当前ipTests/Info.plist";
				LD_RUNPATH_SEARCH_PATHS = (
					"$(inherited)",
					"@executable_path/Frameworks",
					"@loader_path/Frameworks",
				);
				PRODUCT_BUNDLE_IDENTIFIER = "com.----ipTests";
				PRODUCT_NAME = "$(TARGET_NAME)";
				TARGETED_DEVICE_FAMILY = "1,2";
				TEST_HOST = "$(BUILT_PRODUCTS_DIR)/扫描当前ip.app/扫描当前ip";
			};
			name = Release;
		};
		00B016AA20C13A520073210B /* Debug */ = {
			isa = XCBuildConfiguration;
			buildSettings = {
				CODE_SIGN_STYLE = Automatic;
				DEVELOPMENT_TEAM = 66AXJLWJ8A;
				INFOPLIST_FILE = "扫描当前ipUITests/Info.plist";
				LD_RUNPATH_SEARCH_PATHS = (
					"$(inherited)",
					"@executable_path/Frameworks",
					"@loader_path/Frameworks",
				);
				PRODUCT_BUNDLE_IDENTIFIER = "com.----ipUITests";
				PRODUCT_NAME = "$(TARGET_NAME)";
				TARGETED_DEVICE_FAMILY = "1,2";
				TEST_TARGET_NAME = "扫描当前ip";
			};
			name = Debug;
		};
		00B016AB20C13A520073210B /* Release */ = {
			isa = XCBuildConfiguration;
			buildSettings = {
				CODE_SIGN_STYLE = Automatic;
				DEVELOPMENT_TEAM = 66AXJLWJ8A;
				INFOPLIST_FILE = "扫描当前ipUITests/Info.plist";
				LD_RUNPATH_SEARCH_PATHS = (
					"$(inherited)",
					"@executable_path/Frameworks",
					"@loader_path/Frameworks",
				);
				PRODUCT_BUNDLE_IDENTIFIER = "com.----ipUITests";
				PRODUCT_NAME = "$(TARGET_NAME)";
				TARGETED_DEVICE_FAMILY = "1,2";
				TEST_TARGET_NAME = "扫描当前ip";
			};
			name = Release;
		};
/* End XCBuildConfiguration section */

/* Begin XCConfigurationList section */
		00B0167220C13A4A0073210B /* Build configuration list for PBXProject "扫描当前ip" */ = {
			isa = XCConfigurationList;
			buildConfigurations = (
				00B016A120C13A520073210B /* Debug */,
				00B016A220C13A520073210B /* Release */,
			);
			defaultConfigurationIsVisible = 0;
			defaultConfigurationName = Release;
		};
		00B016A320C13A520073210B /* Build configuration list for PBXNativeTarget "扫描当前ip" */ = {
			isa = XCConfigurationList;
			buildConfigurations = (
				00B016A420C13A520073210B /* Debug */,
				00B016A520C13A520073210B /* Release */,
			);
			defaultConfigurationIsVisible = 0;
			defaultConfigurationName = Release;
		};
		00B016A620C13A520073210B /* Build configuration list for PBXNativeTarget "扫描当前ipTests" */ = {
			isa = XCConfigurationList;
			buildConfigurations = (
				00B016A720C13A520073210B /* Debug */,
				00B016A820C13A520073210B /* Release */,
			);
			defaultConfigurationIsVisible = 0;
			defaultConfigurationName = Release;
		};
		00B016A920C13A520073210B /* Build configuration list for PBXNativeTarget "扫描当前ipUITests" */ = {
			isa = XCConfigurationList;
			buildConfigurations = (
				00B016AA20C13A520073210B /* Debug */,
				00B016AB20C13A520073210B /* Release */,
			);
			defaultConfigurationIsVisible = 0;
			defaultConfigurationName = Release;
		};
/* End XCConfigurationList section */
	};
	rootObject = 00B0166F20C13A4A0073210B /* Project object */;
}
